
Microsoft Visual Studio Solution File, Format Version 12.00
# Visual Studio Version 17
VisualStudioVersion = 17.10.35013.160
MinimumVisualStudioVersion = 10.0.40219.1
Project("{FAE04EC0-301F-11D3-BF4B-00C04F79EFBC}") = "ClinicaAPP", "ClinicaAPP\ClinicaAPP.csproj", "{BFBDCEB0-BD53-4B30-ABAF-310225EA43A3}"
EndProject
Global
	GlobalSection(SolutionConfigurationPlatforms) = preSolution
		Debug|Any CPU = Debug|Any CPU
		Release|Any CPU = Release|Any CPU
	EndGlobalSection
	GlobalSection(ProjectConfigurationPlatforms) = postSolution
		{BFBDCEB0-BD53-4B30-ABAF-310225EA43A3}.Debug|Any CPU.ActiveCfg = Debug|Any CPU
		{BFBDCEB0-BD53-4B30-ABAF-310225EA43A3}.Debug|Any CPU.Build.0 = Debug|Any CPU
		{BFBDCEB0-BD53-4B30-ABAF-310225EA43A3}.Release|Any CPU.ActiveCfg = Release|Any CPU
		{BFBDCEB0-BD53-4B30-ABAF-310225EA43A3}.Release|Any CPU.Build.0 = Release|Any CPU
	EndGlobalSection
	GlobalSection(SolutionProperties) = preSolution
		HideSolutionNode = FALSE
	EndGlobalSection
	GlobalSection(ExtensibilityGlobals) = postSolution
		SolutionGuid = {C072660B-8A96-4FCA-AC4C-421F87F9171C}
	EndGlobalSection
EndGlobal
